
Microsoft Visual Studio Solution File, Format Version 12.00
# Visual Studio Version 17
VisualStudioVersion = 17.7.34024.191
MinimumVisualStudioVersion = 10.0.40219.1
Project("{FAE04EC0-301F-11D3-BF4B-00C04F79EFBC}") = "Phone", "Phone\Phone.csproj", "{597311DA-E620-4ACC-84E5-3ABB95D48091}"
EndProject
Project("{FAE04EC0-301F-11D3-BF4B-00C04F79EFBC}") = "Service", "Service\Service.csproj", "{7B4CFAD6-FC2F-4089-9DF1-7C3300247F30}"
EndProject
Project("{FAE04EC0-301F-11D3-BF4B-00C04F79EFBC}") = "Domain", "Domain\Domain.csproj", "{5E23015A-5CF9-4A41-8659-DF389827B756}"
EndProject
Global
	GlobalSection(SolutionConfigurationPlatforms) = preSolution
		Debug|Any CPU = Debug|Any CPU
		Release|Any CPU = Release|Any CPU
	EndGlobalSection
	GlobalSection(ProjectConfigurationPlatforms) = postSolution
		{597311DA-E620-4ACC-84E5-3ABB95D48091}.Debug|Any CPU.ActiveCfg = Debug|Any CPU
		{597311DA-E620-4ACC-84E5-3ABB95D48091}.Debug|Any CPU.Build.0 = Debug|Any CPU
		{597311DA-E620-4ACC-84E5-3ABB95D48091}.Release|Any CPU.ActiveCfg = Release|Any CPU
		{597311DA-E620-4ACC-84E5-3ABB95D48091}.Release|Any CPU.Build.0 = Release|Any CPU
		{7B4CFAD6-FC2F-4089-9DF1-7C3300247F30}.Debug|Any CPU.ActiveCfg = Debug|Any CPU
		{7B4CFAD6-FC2F-4089-9DF1-7C3300247F30}.Debug|Any CPU.Build.0 = Debug|Any CPU
		{7B4CFAD6-FC2F-4089-9DF1-7C3300247F30}.Release|Any CPU.ActiveCfg = Release|Any CPU
		{7B4CFAD6-FC2F-4089-9DF1-7C3300247F30}.Release|Any CPU.Build.0 = Release|Any CPU
		{5E23015A-5CF9-4A41-8659-DF389827B756}.Debug|Any CPU.ActiveCfg = Debug|Any CPU
		{5E23015A-5CF9-4A41-8659-DF389827B756}.Debug|Any CPU.Build.0 = Debug|Any CPU
		{5E23015A-5CF9-4A41-8659-DF389827B756}.Release|Any CPU.ActiveCfg = Release|Any CPU
		{5E23015A-5CF9-4A41-8659-DF389827B756}.Release|Any CPU.Build.0 = Release|Any CPU
	EndGlobalSection
	GlobalSection(SolutionProperties) = preSolution
		HideSolutionNode = FALSE
	EndGlobalSection
	GlobalSection(ExtensibilityGlobals) = postSolution
		SolutionGuid = {739553B8-C324-4522-8598-4640BC305052}
	EndGlobalSection
EndGlobal
